{
  "name": "myproject",
  "version": "1.0.0",
  "lockfileVersion": 1,
  "requires": true,
  "dependencies": {
    "angular": {
      "version": "1.7.5",
      "resolved": "https://registry.npmjs.org/angular/-/angular-1.7.5.tgz",
      "integrity": "sha512-760183yxtGzni740IBTieNuWLtPNAoMqvmC0Z62UoU0I3nqk+VJuO3JbQAXOyvo3Oy/ZsdNQwrSTh/B0OQZjNw==",
      "dev": true
    },
    "angular-qrcode": {
      "version": "7.2.0",
      "resolved": "https://registry.npmjs.org/angular-qrcode/-/angular-qrcode-7.2.0.tgz",
      "integrity": "sha1-xueeGwbGcqWaBrZbSrRl3SnmP8Y=",
      "dev": true,
      "requires": {
        "angular": ">=1.0.6",
        "qrcode-generator": "^1.1.0"
      }
    },
    "qrcode-generator": {
      "version": "1.4.1",
      "resolved": "https://registry.npmjs.org/qrcode-generator/-/qrcode-generator-1.4.1.tgz",
      "integrity": "sha512-KOdSAyFBPf0/5Z3mra4JfSbjrDlUn2J3YH8Rm33tRGbptxP4vhogLWysvkQp8mp5ix9u80Wfr4vxHXTeR9o0Ug==",
      "dev": true
    }
  }
}
